// !$*UTF8*$!
{
	archiveVersion = 1;
	classes = {
	};
	objectVersion = 77;
	objects = {

/* Begin PBXBuildFile section */
		5C09603E26876E26B176A2C3 /* Pods_iCuno_test.framework in Frameworks */ = {isa = PBXBuildFile; fileRef = 72A977C361D76E27A56C1D8C /* Pods_iCuno_test.framework */; };
/* End PBXBuildFile section */

/* Begin PBXContainerItemProxy section */
		E8F099352EBE65C700E9692C /* PBXContainerItemProxy */ = {
			isa = PBXContainerItemProxy;
			containerPortal = E8F0991F2EBE65C500E9692C /* Project object */;
			proxyType = 1;
			remoteGlobalIDString = E8F099262EBE65C500E9692C;
			remoteInfo = "iCuno test";
		};
		E8F0993F2EBE65C700E9692C /* PBXContainerItemProxy */ = {
			isa = PBXContainerItemProxy;
			containerPortal = E8F0991F2EBE65C500E9692C /* Project object */;
			proxyType = 1;
			remoteGlobalIDString = E8F099262EBE65C500E9692C;
			remoteInfo = "iCuno test";
		};
/* End PBXContainerItemProxy section */

/* Begin PBXFileReference section */
		1F2F4A3D10EC4F67BB98CE1F /* Pods-iCuno test.release.xcconfig */ = {isa = PBXFileReference; includeInIndex = 1; lastKnownFileType = text.xcconfig; name = "Pods-iCuno test.release.xcconfig"; path = "Target Support Files/Pods-iCuno test/Pods-iCuno test.release.xcconfig"; sourceTree = "<group>"; };
		6948B15D7E9A1058E7FFF55A /* Pods-iCuno test.debug.xcconfig */ = {isa = PBXFileReference; includeInIndex = 1; lastKnownFileType = text.xcconfig; name = "Pods-iCuno test.debug.xcconfig"; path = "Target Support Files/Pods-iCuno test/Pods-iCuno test.debug.xcconfig"; sourceTree = "<group>"; };
		72A977C361D76E27A56C1D8C /* Pods_iCuno_test.framework */ = {isa = PBXFileReference; explicitFileType = wrapper.framework; includeInIndex = 0; path = Pods_iCuno_test.framework; sourceTree = BUILT_PRODUCTS_DIR; };
		E8F099272EBE65C500E9692C /* iCuno test.app */ = {isa = PBXFileReference; explicitFileType = wrapper.application; includeInIndex = 0; path = "iCuno test.app"; sourceTree = BUILT_PRODUCTS_DIR; };
		E8F099342EBE65C700E9692C /* iCuno testTests.xctest */ = {isa = PBXFileReference; explicitFileType = wrapper.cfbundle; includeInIndex = 0; path = "iCuno testTests.xctest"; sourceTree = BUILT_PRODUCTS_DIR; };
		E8F0993E2EBE65C700E9692C /* iCuno testUITests.xctest */ = {isa = PBXFileReference; explicitFileType = wrapper.cfbundle; includeInIndex = 0; path = "iCuno testUITests.xctest"; sourceTree = BUILT_PRODUCTS_DIR; };
/* End PBXFileReference section */

/* Begin PBXFileSystemSynchronizedRootGroup section */
		E8F099292EBE65C500E9692C /* iCuno test */ = {
			isa = PBXFileSystemSynchronizedRootGroup;
			path = "iCuno test";
			sourceTree = "<group>";
		};
		E8F099372EBE65C700E9692C /* iCuno testTests */ = {
			isa = PBXFileSystemSynchronizedRootGroup;
			path = "iCuno testTests";
			sourceTree = "<group>";
		};
		E8F099412EBE65C700E9692C /* iCuno testUITests */ = {
			isa = PBXFileSystemSynchronizedRootGroup;
			path = "iCuno testUITests";
			sourceTree = "<group>";
		};
		E8F099512EBE688000E9692C /* DelegationApp */ = {
			isa = PBXFileSystemSynchronizedRootGroup;
			path = DelegationApp;
			sourceTree = "<group>";
		};
/* End PBXFileSystemSynchronizedRootGroup section */

/* Begin PBXFrameworksBuildPhase section */
		E8F099242EBE65C500E9692C /* Frameworks */ = {
			isa = PBXFrameworksBuildPhase;
			buildActionMask = 2147483647;
			files = (
				5C09603E26876E26B176A2C3 /* Pods_iCuno_test.framework in Frameworks */,
			);
			runOnlyForDeploymentPostprocessing = 0;
		};
		E8F099312EBE65C700E9692C /* Frameworks */ = {
			isa = PBXFrameworksBuildPhase;
			buildActionMask = 2147483647;
			files = (
			);
			runOnlyForDeploymentPostprocessing = 0;
		};
		E8F0993B2EBE65C700E9692C /* Frameworks */ = {
			isa = PBXFrameworksBuildPhase;
			buildActionMask = 2147483647;
			files = (
			);
			runOnlyForDeploymentPostprocessing = 0;
		};
/* End PBXFrameworksBuildPhase section */

/* Begin PBXGroup section */
		10793254B5BEA4A2DBCCD7A1 /* Pods */ = {
			isa = PBXGroup;
			children = (
				6948B15D7E9A1058E7FFF55A /* Pods-iCuno test.debug.xcconfig */,
				1F2F4A3D10EC4F67BB98CE1F /* Pods-iCuno test.release.xcconfig */,
			);
			path = Pods;
			sourceTree = "<group>";
		};
		AD164DDEBDAF0221E097A0BE /* Frameworks */ = {
			isa = PBXGroup;
			children = (
				72A977C361D76E27A56C1D8C /* Pods_iCuno_test.framework */,
			);
			name = Frameworks;
			sourceTree = "<group>";
		};
		E8F0991E2EBE65C500E9692C = {
			isa = PBXGroup;
			children = (
				E8F099512EBE688000E9692C /* DelegationApp */,
				E8F099292EBE65C500E9692C /* iCuno test */,
				E8F099372EBE65C700E9692C /* iCuno testTests */,
				E8F099412EBE65C700E9692C /* iCuno testUITests */,
				E8F099282EBE65C500E9692C /* Products */,
				10793254B5BEA4A2DBCCD7A1 /* Pods */,
				AD164DDEBDAF0221E097A0BE /* Frameworks */,
			);
			sourceTree = "<group>";
		};
		E8F099282EBE65C500E9692C /* Products */ = {
			isa = PBXGroup;
			children = (
				E8F099272EBE65C500E9692C /* iCuno test.app */,
				E8F099342EBE65C700E9692C /* iCuno testTests.xctest */,
				E8F0993E2EBE65C700E9692C /* iCuno testUITests.xctest */,
			);
			name = Products;
			sourceTree = "<group>";
		};
/* End PBXGroup section */

/* Begin PBXNativeTarget section */
		E8F099262EBE65C500E9692C /* iCuno test */ = {
			isa = PBXNativeTarget;
			buildConfigurationList = E8F099482EBE65C700E9692C /* Build configuration list for PBXNativeTarget "iCuno test" */;
			buildPhases = (
				B421333639B8B017A6758125 /* [CP] Check Pods Manifest.lock */,
				E8F099232EBE65C500E9692C /* Sources */,
				E8F099242EBE65C500E9692C /* Frameworks */,
				E8F099252EBE65C500E9692C /* Resources */,
				06C11DB6DBDAAADA82DA33E7 /* [CP] Copy Pods Resources */,
			);
			buildRules = (
			);
			dependencies = (
			);
			fileSystemSynchronizedGroups = (
				E8F099292EBE65C500E9692C /* iCuno test */,
				E8F099512EBE688000E9692C /* DelegationApp */,
			);
			name = "iCuno test";
			productName = "iCuno test";
			productReference = E8F099272EBE65C500E9692C /* iCuno test.app */;
			productType = "com.apple.product-type.application";
		};
		E8F099332EBE65C700E9692C /* iCuno testTests */ = {
			isa = PBXNativeTarget;
			buildConfigurationList = E8F0994B2EBE65C700E9692C /* Build configuration list for PBXNativeTarget "iCuno testTests" */;
			buildPhases = (
				E8F099302EBE65C700E9692C /* Sources */,
				E8F099312EBE65C700E9692C /* Frameworks */,
				E8F099322EBE65C700E9692C /* Resources */,
			);
			buildRules = (
			);
			dependencies = (
				E8F099362EBE65C700E9692C /* PBXTargetDependency */,
			);
			fileSystemSynchronizedGroups = (
				E8F099372EBE65C700E9692C /* iCuno testTests */,
			);
			name = "iCuno testTests";
			productName = "iCuno testTests";
			productReference = E8F099342EBE65C700E9692C /* iCuno testTests.xctest */;
			productType = "com.apple.product-type.bundle.unit-test";
		};
		E8F0993D2EBE65C700E9692C /* iCuno testUITests */ = {
			isa = PBXNativeTarget;
			buildConfigurationList = E8F0994E2EBE65C700E9692C /* Build configuration list for PBXNativeTarget "iCuno testUITests" */;
			buildPhases = (
				E8F0993A2EBE65C700E9692C /* Sources */,
				E8F0993B2EBE65C700E9692C /* Frameworks */,
				E8F0993C2EBE65C700E9692C /* Resources */,
			);
			buildRules = (
			);
			dependencies = (
				E8F099402EBE65C700E9692C /* PBXTargetDependency */,
			);
			fileSystemSynchronizedGroups = (
				E8F099412EBE65C700E9692C /* iCuno testUITests */,
			);
			name = "iCuno testUITests";
			productName = "iCuno testUITests";
			productReference = E8F0993E2EBE65C700E9692C /* iCuno testUITests.xctest */;
			productType = "com.apple.product-type.bundle.ui-testing";
		};
/* End PBXNativeTarget section */

/* Begin PBXProject section */
		E8F0991F2EBE65C500E9692C /* Project object */ = {
			isa = PBXProject;
			attributes = {
				BuildIndependentTargetsInParallel = 1;
				LastSwiftUpdateCheck = 1640;
				LastUpgradeCheck = 1640;
				TargetAttributes = {
					E8F099262EBE65C500E9692C = {
						CreatedOnToolsVersion = 16.4;
					};
					E8F099332EBE65C700E9692C = {
						CreatedOnToolsVersion = 16.4;
						TestTargetID = E8F099262EBE65C500E9692C;
					};
					E8F0993D2EBE65C700E9692C = {
						CreatedOnToolsVersion = 16.4;
						TestTargetID = E8F099262EBE65C500E9692C;
					};
				};
			};
			buildConfigurationList = E8F099222EBE65C500E9692C /* Build configuration list for PBXProject "iCuno test" */;
			developmentRegion = en;
			hasScannedForEncodings = 0;
			knownRegions = (
				en,
				Base,
			);
			mainGroup = E8F0991E2EBE65C500E9692C;
			minimizedProjectReferenceProxies = 1;
			preferredProjectObjectVersion = 77;
			productRefGroup = E8F099282EBE65C500E9692C /* Products */;
			projectDirPath = "";
			projectRoot = "";
			targets = (
				E8F099262EBE65C500E9692C /* iCuno test */,
				E8F099332EBE65C700E9692C /* iCuno testTests */,
				E8F0993D2EBE65C700E9692C /* iCuno testUITests */,
			);
		};
/* End PBXProject section */

/* Begin PBXResourcesBuildPhase section */
		E8F099252EBE65C500E9692C /* Resources */ = {
			isa = PBXResourcesBuildPhase;
			buildActionMask = 2147483647;
			files = (
			);
			runOnlyForDeploymentPostprocessing = 0;
		};
		E8F099322EBE65C700E9692C /* Resources */ = {
			isa = PBXResourcesBuildPhase;
			buildActionMask = 2147483647;
			files = (
			);
			runOnlyForDeploymentPostprocessing = 0;
		};
		E8F0993C2EBE65C700E9692C /* Resources */ = {
			isa = PBXResourcesBuildPhase;
			buildActionMask = 2147483647;
			files = (
			);
			runOnlyForDeploymentPostprocessing = 0;
		};
/* End PBXResourcesBuildPhase section */

/* Begin PBXShellScriptBuildPhase section */
		06C11DB6DBDAAADA82DA33E7 /* [CP] Copy Pods Resources */ = {
			isa = PBXShellScriptBuildPhase;
			buildActionMask = 2147483647;
			files = (
			);
			inputFileListPaths = (
				"${PODS_ROOT}/Target Support Files/Pods-iCuno test/Pods-iCuno test-resources-${CONFIGURATION}-input-files.xcfilelist",
			);
			inputPaths = (
			);
			name = "[CP] Copy Pods Resources";
			outputFileListPaths = (
				"${PODS_ROOT}/Target Support Files/Pods-iCuno test/Pods-iCuno test-resources-${CONFIGURATION}-output-files.xcfilelist",
			);
			outputPaths = (
			);
			runOnlyForDeploymentPostprocessing = 0;
			shellPath = /bin/sh;
			shellScript = "\"${PODS_ROOT}/Target Support Files/Pods-iCuno test/Pods-iCuno test-resources.sh\"\n";
			showEnvVarsInLog = 0;
		};
		B421333639B8B017A6758125 /* [CP] Check Pods Manifest.lock */ = {
			isa = PBXShellScriptBuildPhase;
			buildActionMask = 2147483647;
			files = (
			);
			inputFileListPaths = (
			);
			inputPaths = (
				"${PODS_PODFILE_DIR_PATH}/Podfile.lock",
				"${PODS_ROOT}/Manifest.lock",
			);
			name = "[CP] Check Pods Manifest.lock";
			outputFileListPaths = (
			);
			outputPaths = (
				"$(DERIVED_FILE_DIR)/Pods-iCuno test-checkManifestLockResult.txt",
			);
			runOnlyForDeploymentPostprocessing = 0;
			shellPath = /bin/sh;
			shellScript = "diff \"${PODS_PODFILE_DIR_PATH}/Podfile.lock\" \"${PODS_ROOT}/Manifest.lock\" > /dev/null\nif [ $? != 0 ] ; then\n    # print error to STDERR\n    echo \"error: The sandbox is not in sync with the Podfile.lock. Run 'pod install' or update your CocoaPods installation.\" >&2\n    exit 1\nfi\n# This output is used by Xcode 'outputs' to avoid re-running this script phase.\necho \"SUCCESS\" > \"${SCRIPT_OUTPUT_FILE_0}\"\n";
			showEnvVarsInLog = 0;
		};
/* End PBXShellScriptBuildPhase section */

/* Begin PBXSourcesBuildPhase section */
		E8F099232EBE65C500E9692C /* Sources */ = {
			isa = PBXSourcesBuildPhase;
			buildActionMask = 2147483647;
			files = (
			);
			runOnlyForDeploymentPostprocessing = 0;
		};
		E8F099302EBE65C700E9692C /* Sources */ = {
			isa = PBXSourcesBuildPhase;
			buildActionMask = 2147483647;
			files = (
			);
			runOnlyForDeploymentPostprocessing = 0;
		};
		E8F0993A2EBE65C700E9692C /* Sources */ = {
			isa = PBXSourcesBuildPhase;
			buildActionMask = 2147483647;
			files = (
			);
			runOnlyForDeploymentPostprocessing = 0;
		};
/* End PBXSourcesBuildPhase section */

/* Begin PBXTargetDependency section */
		E8F099362EBE65C700E9692C /* PBXTargetDependency */ = {
			isa = PBXTargetDependency;
			target = E8F099262EBE65C500E9692C /* iCuno test */;
			targetProxy = E8F099352EBE65C700E9692C /* PBXContainerItemProxy */;
		};
		E8F099402EBE65C700E9692C /* PBXTargetDependency */ = {
			isa = PBXTargetDependency;
			target = E8F099262EBE65C500E9692C /* iCuno test */;
			targetProxy = E8F0993F2EBE65C700E9692C /* PBXContainerItemProxy */;
		};
/* End PBXTargetDependency section */

/* Begin XCBuildConfiguration section */
		E8F099462EBE65C700E9692C /* Debug */ = {
			isa = XCBuildConfiguration;
			buildSettings = {
				ALWAYS_SEARCH_USER_PATHS = NO;
				ASSETCATALOG_COMPILER_GENERATE_SWIFT_ASSET_SYMBOL_EXTENSIONS = YES;
				CLANG_ANALYZER_NONNULL = YES;
				CLANG_ANALYZER_NUMBER_OBJECT_CONVERSION = YES_AGGRESSIVE;
				CLANG_CXX_LANGUAGE_STANDARD = "gnu++20";
				CLANG_ENABLE_MODULES = YES;
				CLANG_ENABLE_OBJC_ARC = YES;
				CLANG_ENABLE_OBJC_WEAK = YES;
				CLANG_WARN_BLOCK_CAPTURE_AUTORELEASING = YES;
				CLANG_WARN_BOOL_CONVERSION = YES;
				CLANG_WARN_COMMA = YES;
				CLANG_WARN_CONSTANT_CONVERSION = YES;
				CLANG_WARN_DEPRECATED_OBJC_IMPLEMENTATIONS = YES;
				CLANG_WARN_DIRECT_OBJC_ISA_USAGE = YES_ERROR;
				CLANG_WARN_DOCUMENTATION_COMMENTS = YES;
				CLANG_WARN_EMPTY_BODY = YES;
				CLANG_WARN_ENUM_CONVERSION = YES;
				CLANG_WARN_INFINITE_RECURSION = YES;
				CLANG_WARN_INT_CONVERSION = YES;
				CLANG_WARN_NON_LITERAL_NULL_CONVERSION = YES;
				CLANG_WARN_OBJC_IMPLICIT_RETAIN_SELF = YES;
				CLANG_WARN_OBJC_LITERAL_CONVERSION = YES;
				CLANG_WARN_OBJC_ROOT_CLASS = YES_ERROR;
				CLANG_WARN_QUOTED_INCLUDE_IN_FRAMEWORK_HEADER = YES;
				CLANG_WARN_RANGE_LOOP_ANALYSIS = YES;
				CLANG_WARN_STRICT_PROTOTYPES = YES;
				CLANG_WARN_SUSPICIOUS_MOVE = YES;
				CLANG_WARN_UNGUARDED_AVAILABILITY = YES_AGGRESSIVE;
				CLANG_WARN_UNREACHABLE_CODE = YES;
				CLANG_WARN__DUPLICATE_METHOD_MATCH = YES;
				COPY_PHASE_STRIP = NO;
				DEBUG_INFORMATION_FORMAT = dwarf;
				DEVELOPMENT_TEAM = D2DH8TV7AY;
				ENABLE_STRICT_OBJC_MSGSEND = YES;
				ENABLE_TESTABILITY = YES;
				ENABLE_USER_SCRIPT_SANDBOXING = YES;
				GCC_C_LANGUAGE_STANDARD = gnu17;
				GCC_DYNAMIC_NO_PIC = NO;
				GCC_NO_COMMON_BLOCKS = YES;
				GCC_OPTIMIZATION_LEVEL = 0;
				GCC_PREPROCESSOR_DEFINITIONS = (
					"DEBUG=1",
					"$(inherited)",
				);
				GCC_WARN_64_TO_32_BIT_CONVERSION = YES;
				GCC_WARN_ABOUT_RETURN_TYPE = YES_ERROR;
				GCC_WARN_UNDECLARED_SELECTOR = YES;
				GCC_WARN_UNINITIALIZED_AUTOS = YES_AGGRESSIVE;
				GCC_WARN_UNUSED_FUNCTION = YES;
				GCC_WARN_UNUSED_VARIABLE = YES;
				IPHONEOS_DEPLOYMENT_TARGET = 18.5;
				LOCALIZATION_PREFERS_STRING_CATALOGS = YES;
				MTL_ENABLE_DEBUG_INFO = INCLUDE_SOURCE;
				MTL_FAST_MATH = YES;
				ONLY_ACTIVE_ARCH = YES;
				SDKROOT = iphoneos;
				SWIFT_ACTIVE_COMPILATION_CONDITIONS = "DEBUG $(inherited)";
				SWIFT_OPTIMIZATION_LEVEL = "-Onone";
			};
			name = Debug;
		};
		E8F099472EBE65C700E9692C /* Release */ = {
			isa = XCBuildConfiguration;
			buildSettings = {
				ALWAYS_SEARCH_USER_PATHS = NO;
				ASSETCATALOG_COMPILER_GENERATE_SWIFT_ASSET_SYMBOL_EXTENSIONS = YES;
				CLANG_ANALYZER_NONNULL = YES;
				CLANG_ANALYZER_NUMBER_OBJECT_CONVERSION = YES_AGGRESSIVE;
				CLANG_CXX_LANGUAGE_STANDARD = "gnu++20";
				CLANG_ENABLE_MODULES = YES;
				CLANG_ENABLE_OBJC_ARC = YES;
				CLANG_ENABLE_OBJC_WEAK = YES;
				CLANG_WARN_BLOCK_CAPTURE_AUTORELEASING = YES;
				CLANG_WARN_BOOL_CONVERSION = YES;
				CLANG_WARN_COMMA = YES;
				CLANG_WARN_CONSTANT_CONVERSION = YES;
				CLANG_WARN_DEPRECATED_OBJC_IMPLEMENTATIONS = YES;
				CLANG_WARN_DIRECT_OBJC_ISA_USAGE = YES_ERROR;
				CLANG_WARN_DOCUMENTATION_COMMENTS = YES;
				CLANG_WARN_EMPTY_BODY = YES;
				CLANG_WARN_ENUM_CONVERSION = YES;
				CLANG_WARN_INFINITE_RECURSION = YES;
				CLANG_WARN_INT_CONVERSION = YES;
				CLANG_WARN_NON_LITERAL_NULL_CONVERSION = YES;
				CLANG_WARN_OBJC_IMPLICIT_RETAIN_SELF = YES;
				CLANG_WARN_OBJC_LITERAL_CONVERSION = YES;
				CLANG_WARN_OBJC_ROOT_CLASS = YES_ERROR;
				CLANG_WARN_QUOTED_INCLUDE_IN_FRAMEWORK_HEADER = YES;
				CLANG_WARN_RANGE_LOOP_ANALYSIS = YES;
				CLANG_WARN_STRICT_PROTOTYPES = YES;
				CLANG_WARN_SUSPICIOUS_MOVE = YES;
				CLANG_WARN_UNGUARDED_AVAILABILITY = YES_AGGRESSIVE;
				CLANG_WARN_UNREACHABLE_CODE = YES;
				CLANG_WARN__DUPLICATE_METHOD_MATCH = YES;
				COPY_PHASE_STRIP = NO;
				DEBUG_INFORMATION_FORMAT = "dwarf-with-dsym";
				DEVELOPMENT_TEAM = D2DH8TV7AY;
				ENABLE_NS_ASSERTIONS = NO;
				ENABLE_STRICT_OBJC_MSGSEND = YES;
				ENABLE_USER_SCRIPT_SANDBOXING = YES;
				GCC_C_LANGUAGE_STANDARD = gnu17;
				GCC_NO_COMMON_BLOCKS = YES;
				GCC_WARN_64_TO_32_BIT_CONVERSION = YES;
				GCC_WARN_ABOUT_RETURN_TYPE = YES_ERROR;
				GCC_WARN_UNDECLARED_SELECTOR = YES;
				GCC_WARN_UNINITIALIZED_AUTOS = YES_AGGRESSIVE;
				GCC_WARN_UNUSED_FUNCTION = YES;
				GCC_WARN_UNUSED_VARIABLE = YES;
				IPHONEOS_DEPLOYMENT_TARGET = 18.5;
				LOCALIZATION_PREFERS_STRING_CATALOGS = YES;
				MTL_ENABLE_DEBUG_INFO = NO;
				MTL_FAST_MATH = YES;
				SDKROOT = iphoneos;
				SWIFT_COMPILATION_MODE = wholemodule;
				VALIDATE_PRODUCT = YES;
			};
			name = Release;
		};
		E8F099492EBE65C700E9692C /* Debug */ = {
			isa = XCBuildConfiguration;
			baseConfigurationReference = 6948B15D7E9A1058E7FFF55A /* Pods-iCuno test.debug.xcconfig */;
			buildSettings = {
				ASSETCATALOG_COMPILER_APPICON_NAME = AppIcon;
				ASSETCATALOG_COMPILER_GLOBAL_ACCENT_COLOR_NAME = AccentColor;
				CODE_SIGN_STYLE = Automatic;
				CURRENT_PROJECT_VERSION = 1;
				DEVELOPMENT_TEAM = D2DH8TV7AY;
				ENABLE_PREVIEWS = YES;
				ENABLE_USER_SCRIPT_SANDBOXING = NO;
				GENERATE_INFOPLIST_FILE = YES;
				INFOPLIST_KEY_UIApplicationSceneManifest_Generation = YES;
				INFOPLIST_KEY_UIApplicationSupportsIndirectInputEvents = YES;
				INFOPLIST_KEY_UILaunchScreen_Generation = YES;
				INFOPLIST_KEY_UISupportedInterfaceOrientations_iPad = "UIInterfaceOrientationPortrait UIInterfaceOrientationPortraitUpsideDown UIInterfaceOrientationLandscapeLeft UIInterfaceOrientationLandscapeRight";
				INFOPLIST_KEY_UISupportedInterfaceOrientations_iPhone = "UIInterfaceOrientationPortrait UIInterfaceOrientationLandscapeLeft UIInterfaceOrientationLandscapeRight";
				LD_RUNPATH_SEARCH_PATHS = (
					"$(inherited)",
					"@executable_path/Frameworks",
				);
				MARKETING_VERSION = 1.0;
				PRODUCT_BUNDLE_IDENTIFIER = "edu.self.iCuno-test";
				PRODUCT_NAME = "$(TARGET_NAME)";
				SWIFT_EMIT_LOC_STRINGS = YES;
				SWIFT_VERSION = 5.0;
				TARGETED_DEVICE_FAMILY = "1,2";
			};
			name = Debug;
		};
		E8F0994A2EBE65C700E9692C /* Release */ = {
			isa = XCBuildConfiguration;
			baseConfigurationReference = 1F2F4A3D10EC4F67BB98CE1F /* Pods-iCuno test.release.xcconfig */;
			buildSettings = {
				ASSETCATALOG_COMPILER_APPICON_NAME = AppIcon;
				ASSETCATALOG_COMPILER_GLOBAL_ACCENT_COLOR_NAME = AccentColor;
				CODE_SIGN_STYLE = Automatic;
				CURRENT_PROJECT_VERSION = 1;
				DEVELOPMENT_TEAM = D2DH8TV7AY;
				ENABLE_PREVIEWS = YES;
				ENABLE_USER_SCRIPT_SANDBOXING = NO;
				GENERATE_INFOPLIST_FILE = YES;
				INFOPLIST_KEY_UIApplicationSceneManifest_Generation = YES;
				INFOPLIST_KEY_UIApplicationSupportsIndirectInputEvents = YES;
				INFOPLIST_KEY_UILaunchScreen_Generation = YES;
				INFOPLIST_KEY_UISupportedInterfaceOrientations_iPad = "UIInterfaceOrientationPortrait UIInterfaceOrientationPortraitUpsideDown UIInterfaceOrientationLandscapeLeft UIInterfaceOrientationLandscapeRight";
				INFOPLIST_KEY_UISupportedInterfaceOrientations_iPhone = "UIInterfaceOrientationPortrait UIInterfaceOrientationLandscapeLeft UIInterfaceOrientationLandscapeRight";
				LD_RUNPATH_SEARCH_PATHS = (
					"$(inherited)",
					"@executable_path/Frameworks",
				);
				MARKETING_VERSION = 1.0;
				PRODUCT_BUNDLE_IDENTIFIER = "edu.self.iCuno-test";
				PRODUCT_NAME = "$(TARGET_NAME)";
				SWIFT_EMIT_LOC_STRINGS = YES;
				SWIFT_VERSION = 5.0;
				TARGETED_DEVICE_FAMILY = "1,2";
			};
			name = Release;
		};
		E8F0994C2EBE65C700E9692C /* Debug */ = {
			isa = XCBuildConfiguration;
			buildSettings = {
				BUNDLE_LOADER = "$(TEST_HOST)";
				CODE_SIGN_STYLE = Automatic;
				CURRENT_PROJECT_VERSION = 1;
				DEVELOPMENT_TEAM = D2DH8TV7AY;
				GENERATE_INFOPLIST_FILE = YES;
				IPHONEOS_DEPLOYMENT_TARGET = 18.5;
				MARKETING_VERSION = 1.0;
				PRODUCT_BUNDLE_IDENTIFIER = "edu.self.iCuno-testTests";
				PRODUCT_NAME = "$(TARGET_NAME)";
				SWIFT_EMIT_LOC_STRINGS = NO;
				SWIFT_VERSION = 5.0;
				TARGETED_DEVICE_FAMILY = "1,2";
				TEST_HOST = "$(BUILT_PRODUCTS_DIR)/iCuno test.app/$(BUNDLE_EXECUTABLE_FOLDER_PATH)/iCuno test";
			};
			name = Debug;
		};
		E8F0994D2EBE65C700E9692C /* Release */ = {
			isa = XCBuildConfiguration;
			buildSettings = {
				BUNDLE_LOADER = "$(TEST_HOST)";
				CODE_SIGN_STYLE = Automatic;
				CURRENT_PROJECT_VERSION = 1;
				DEVELOPMENT_TEAM = D2DH8TV7AY;
				GENERATE_INFOPLIST_FILE = YES;
				IPHONEOS_DEPLOYMENT_TARGET = 18.5;
				MARKETING_VERSION = 1.0;
				PRODUCT_BUNDLE_IDENTIFIER = "edu.self.iCuno-testTests";
				PRODUCT_NAME = "$(TARGET_NAME)";
				SWIFT_EMIT_LOC_STRINGS = NO;
				SWIFT_VERSION = 5.0;
				TARGETED_DEVICE_FAMILY = "1,2";
				TEST_HOST = "$(BUILT_PRODUCTS_DIR)/iCuno test.app/$(BUNDLE_EXECUTABLE_FOLDER_PATH)/iCuno test";
			};
			name = Release;
		};
		E8F0994F2EBE65C700E9692C /* Debug */ = {
			isa = XCBuildConfiguration;
			buildSettings = {
				CODE_SIGN_STYLE = Automatic;
				CURRENT_PROJECT_VERSION = 1;
				DEVELOPMENT_TEAM = D2DH8TV7AY;
				GENERATE_INFOPLIST_FILE = YES;
				MARKETING_VERSION = 1.0;
				PRODUCT_BUNDLE_IDENTIFIER = "edu.self.iCuno-testUITests";
				PRODUCT_NAME = "$(TARGET_NAME)";
				SWIFT_EMIT_LOC_STRINGS = NO;
				SWIFT_VERSION = 5.0;
				TARGETED_DEVICE_FAMILY = "1,2";
				TEST_TARGET_NAME = "iCuno test";
			};
			name = Debug;
		};
		E8F099502EBE65C700E9692C /* Release */ = {
			isa = XCBuildConfiguration;
			buildSettings = {
				CODE_SIGN_STYLE = Automatic;
				CURRENT_PROJECT_VERSION = 1;
				DEVELOPMENT_TEAM = D2DH8TV7AY;
				GENERATE_INFOPLIST_FILE = YES;
				MARKETING_VERSION = 1.0;
				PRODUCT_BUNDLE_IDENTIFIER = "edu.self.iCuno-testUITests";
				PRODUCT_NAME = "$(TARGET_NAME)";
				SWIFT_EMIT_LOC_STRINGS = NO;
				SWIFT_VERSION = 5.0;
				TARGETED_DEVICE_FAMILY = "1,2";
				TEST_TARGET_NAME = "iCuno test";
			};
			name = Release;
		};
/* End XCBuildConfiguration section */

/* Begin XCConfigurationList section */
		E8F099222EBE65C500E9692C /* Build configuration list for PBXProject "iCuno test" */ = {
			isa = XCConfigurationList;
			buildConfigurations = (
				E8F099462EBE65C700E9692C /* Debug */,
				E8F099472EBE65C700E9692C /* Release */,
			);
			defaultConfigurationIsVisible = 0;
			defaultConfigurationName = Release;
		};
		E8F099482EBE65C700E9692C /* Build configuration list for PBXNativeTarget "iCuno test" */ = {
			isa = XCConfigurationList;
			buildConfigurations = (
				E8F099492EBE65C700E9692C /* Debug */,
				E8F0994A2EBE65C700E9692C /* Release */,
			);
			defaultConfigurationIsVisible = 0;
			defaultConfigurationName = Release;
		};
		E8F0994B2EBE65C700E9692C /* Build configuration list for PBXNativeTarget "iCuno testTests" */ = {
			isa = XCConfigurationList;
			buildConfigurations = (
				E8F0994C2EBE65C700E9692C /* Debug */,
				E8F0994D2EBE65C700E9692C /* Release */,
			);
			defaultConfigurationIsVisible = 0;
			defaultConfigurationName = Release;
		};
		E8F0994E2EBE65C700E9692C /* Build configuration list for PBXNativeTarget "iCuno testUITests" */ = {
			isa = XCConfigurationList;
			buildConfigurations = (
				E8F0994F2EBE65C700E9692C /* Debug */,
				E8F099502EBE65C700E9692C /* Release */,
			);
			defaultConfigurationIsVisible = 0;
			defaultConfigurationName = Release;
		};
/* End XCConfigurationList section */
	};
	rootObject = E8F0991F2EBE65C500E9692C /* Project object */;
}
